
Microsoft Visual Studio Solution File, Format Version 12.00
# Visual Studio Version 17
VisualStudioVersion = 17.4.33205.214
MinimumVisualStudioVersion = 10.0.40219.1
Project("{FAE04EC0-301F-11D3-BF4B-00C04F79EFBC}") = "GildedRose", "GildedRose\GildedRose.csproj", "{F4F69546-E0F2-46E7-9072-49AFADF8E84D}"
EndProject
Global
	GlobalSection(SolutionConfigurationPlatforms) = preSolution
		Debug|Any CPU = Debug|Any CPU
		Release|Any CPU = Release|Any CPU
	EndGlobalSection
	GlobalSection(ProjectConfigurationPlatforms) = postSolution
		{F4F69546-E0F2-46E7-9072-49AFADF8E84D}.Debug|Any CPU.ActiveCfg = Debug|Any CPU
		{F4F69546-E0F2-46E7-9072-49AFADF8E84D}.Debug|Any CPU.Build.0 = Debug|Any CPU
		{F4F69546-E0F2-46E7-9072-49AFADF8E84D}.Release|Any CPU.ActiveCfg = Release|Any CPU
		{F4F69546-E0F2-46E7-9072-49AFADF8E84D}.Release|Any CPU.Build.0 = Release|Any CPU
	EndGlobalSection
	GlobalSection(SolutionProperties) = preSolution
		HideSolutionNode = FALSE
	EndGlobalSection
	GlobalSection(ExtensibilityGlobals) = postSolution
		SolutionGuid = {C249E734-8C59-436D-996D-5B45A2FD2A0F}
	EndGlobalSection
EndGlobal
